PODS:
  - Alamofire (5.6.4)
  - AvailableHapticFeedback (1.0.2)
  - CDAlertView (0.11.0)
  - Cosmos (23.0.0)
  - CountryPickerView (3.3.0)
  - DateTimePicker (2.5.3)
  - Differentiator (5.0.0)
  - DropDown (2.3.13)
  - Firebase/Analytics (10.4.0):
    - Firebase/Core
  - Firebase/Core (10.4.0):
    - Firebase/CoreOnly
    - FirebaseAnalytics (~> 10.4.0)
  - Firebase/CoreOnly (10.4.0):
    - FirebaseCore (= 10.4.0)
  - Firebase/Crashlytics (10.4.0):
    - Firebase/CoreOnly
    - FirebaseCrashlytics (~> 10.4.0)
  - FirebaseAnalytics (10.4.0):
    - FirebaseAnalytics/AdIdSupport (= 10.4.0)
    - FirebaseCore (~> 10.0)
    - FirebaseInstallations (~> 10.0)
    - GoogleUtilities/AppDelegateSwizzler (~> 7.8)
    - GoogleUtilities/MethodSwizzler (~> 7.8)
    - GoogleUtilities/Network (~> 7.8)
    - "GoogleUtilities/NSData+zlib (~> 7.8)"
    - nanopb (< 2.30910.0, >= 2.30908.0)
  - FirebaseAnalytics/AdIdSupport (10.4.0):
    - FirebaseCore (~> 10.0)
    - FirebaseInstallations (~> 10.0)
    - GoogleAppMeasurement (= 10.4.0)
    - GoogleUtilities/AppDelegateSwizzler (~> 7.8)
    - GoogleUtilities/MethodSwizzler (~> 7.8)
    - GoogleUtilities/Network (~> 7.8)
    - "GoogleUtilities/NSData+zlib (~> 7.8)"
    - nanopb (< 2.30910.0, >= 2.30908.0)
  - FirebaseCore (10.4.0):
    - FirebaseCoreInternal (~> 10.0)
    - GoogleUtilities/Environment (~> 7.8)
    - GoogleUtilities/Logger (~> 7.8)
  - FirebaseCoreInternal (10.4.0):
    - "GoogleUtilities/NSData+zlib (~> 7.8)"
  - FirebaseCrashlytics (10.4.0):
    - FirebaseCore (~> 10.0)
    - FirebaseInstallations (~> 10.0)
    - GoogleDataTransport (~> 9.2)
    - GoogleUtilities/Environment (~> 7.8)
    - nanopb (< 2.30910.0, >= 2.30908.0)
    - PromisesObjC (~> 2.1)
  - FirebaseInstallations (10.4.0):
    - FirebaseCore (~> 10.0)
    - GoogleUtilities/Environment (~> 7.8)
    - GoogleUtilities/UserDefaults (~> 7.8)
    - PromisesObjC (~> 2.1)
  - FSCalendar (2.8.4)
  - GoogleAppMeasurement (10.4.0):
    - GoogleAppMeasurement/AdIdSupport (= 10.4.0)
    - GoogleUtilities/AppDelegateSwizzler (~> 7.8)
    - GoogleUtilities/MethodSwizzler (~> 7.8)
    - GoogleUtilities/Network (~> 7.8)
    - "GoogleUtilities/NSData+zlib (~> 7.8)"
    - nanopb (< 2.30910.0, >= 2.30908.0)
  - GoogleAppMeasurement/AdIdSupport (10.4.0):
    - GoogleAppMeasurement/WithoutAdIdSupport (= 10.4.0)
    - GoogleUtilities/AppDelegateSwizzler (~> 7.8)
    - GoogleUtilities/MethodSwizzler (~> 7.8)
    - GoogleUtilities/Network (~> 7.8)
    - "GoogleUtilities/NSData+zlib (~> 7.8)"
    - nanopb (< 2.30910.0, >= 2.30908.0)
  - GoogleAppMeasurement/WithoutAdIdSupport (10.4.0):
    - GoogleUtilities/AppDelegateSwizzler (~> 7.8)
    - GoogleUtilities/MethodSwizzler (~> 7.8)
    - GoogleUtilities/Network (~> 7.8)
    - "GoogleUtilities/NSData+zlib (~> 7.8)"
    - nanopb (< 2.30910.0, >= 2.30908.0)
  - GoogleDataTransport (9.2.0):
    - GoogleUtilities/Environment (~> 7.7)
    - nanopb (< 2.30910.0, >= 2.30908.0)
    - PromisesObjC (< 3.0, >= 1.2)
  - GoogleUtilities/AppDelegateSwizzler (7.11.0):
    - GoogleUtilities/Environment
    - GoogleUtilities/Logger
    - GoogleUtilities/Network
  - GoogleUtilities/Environment (7.11.0):
    - PromisesObjC (< 3.0, >= 1.2)
  - GoogleUtilities/Logger (7.11.0):
    - GoogleUtilities/Environment
  - GoogleUtilities/MethodSwizzler (7.11.0):
    - GoogleUtilities/Logger
  - GoogleUtilities/Network (7.11.0):
    - GoogleUtilities/Logger
    - "GoogleUtilities/NSData+zlib"
    - GoogleUtilities/Reachability
  - "GoogleUtilities/NSData+zlib (7.11.0)"
  - GoogleUtilities/Reachability (7.11.0):
    - GoogleUtilities/Logger
  - GoogleUtilities/UserDefaults (7.11.0):
    - GoogleUtilities/Logger
  - InputBarAccessoryView (4.2.2)
  - MaterialComponents/AnimationTiming (124.2.0)
  - MaterialComponents/Availability (124.2.0)
  - MaterialComponents/Buttons (124.2.0):
    - MaterialComponents/Elevation
    - MaterialComponents/Ink
    - MaterialComponents/private/Math
    - MaterialComponents/Ripple
    - MaterialComponents/Shadow
    - MaterialComponents/ShadowElevations
    - MaterialComponents/ShadowLayer
    - MaterialComponents/ShapeLibrary
    - MaterialComponents/Shapes
    - MaterialComponents/Typography
    - MDFInternationalization
    - MDFTextAccessibility
  - MaterialComponents/Elevation (124.2.0):
    - MaterialComponents/Availability
    - MaterialComponents/private/Color
    - MaterialComponents/private/Math
  - MaterialComponents/Ink (124.2.0):
    - MaterialComponents/Availability
    - MaterialComponents/private/Color
    - MaterialComponents/private/Math
  - MaterialComponents/OverlayWindow (124.2.0):
    - MaterialComponents/Availability
    - MaterialComponents/private/Application
  - MaterialComponents/private/Application (124.2.0)
  - MaterialComponents/private/Color (124.2.0):
    - MaterialComponents/Availability
  - MaterialComponents/private/KeyboardWatcher (124.2.0):
    - MaterialComponents/private/Application
  - MaterialComponents/private/Math (124.2.0)
  - MaterialComponents/private/Overlay (124.2.0)
  - MaterialComponents/Ripple (124.2.0):
    - MaterialComponents/AnimationTiming
    - MaterialComponents/Availability
    - MaterialComponents/private/Color
    - MaterialComponents/private/Math
  - MaterialComponents/Shadow (124.2.0):
    - MaterialComponents/Availability
  - MaterialComponents/ShadowElevations (124.2.0)
  - MaterialComponents/ShadowLayer (124.2.0):
    - MaterialComponents/ShadowElevations
  - MaterialComponents/ShapeLibrary (124.2.0):
    - MaterialComponents/private/Math
    - MaterialComponents/Shapes
  - MaterialComponents/Shapes (124.2.0):
    - MaterialComponents/private/Color
    - MaterialComponents/private/Math
    - MaterialComponents/ShadowLayer
  - MaterialComponents/Snackbar (124.2.0):
    - MaterialComponents/AnimationTiming
    - MaterialComponents/Availability
    - MaterialComponents/Buttons
    - MaterialComponents/Elevation
    - MaterialComponents/OverlayWindow
    - MaterialComponents/private/Application
    - MaterialComponents/private/KeyboardWatcher
    - MaterialComponents/private/Math
    - MaterialComponents/private/Overlay
    - MaterialComponents/ShadowElevations
    - MaterialComponents/ShadowLayer
    - MaterialComponents/Typography
  - MaterialComponents/Typography (124.2.0):
    - MaterialComponents/private/Application
    - MaterialComponents/private/Math
    - MDFTextAccessibility
  - MDFInternationalization (3.0.0)
  - MDFTextAccessibility (2.0.1)
  - MessageKit (3.0.0):
    - InputBarAccessoryView (~> 4.2.2)
  - MKToolTip (1.0.6)
  - MultiSlider (1.13.2):
    - AvailableHapticFeedback
    - SweeterSwift
  - nanopb (2.30909.0):
    - nanopb/decode (= 2.30909.0)
    - nanopb/encode (= 2.30909.0)
  - nanopb/decode (2.30909.0)
  - nanopb/encode (2.30909.0)
  - PKHUD (5.3.0)
  - PopoverKit (0.2.0)
  - PromisesObjC (2.1.1)
  - Realm (10.34.1):
    - Realm/Headers (= 10.34.1)
  - Realm/Headers (10.34.1)
  - RealmSwift (10.34.1):
    - Realm (= 10.34.1)
  - RxCocoa (6.5.0):
    - RxRelay (= 6.5.0)
    - RxSwift (= 6.5.0)
  - RxDataSources (5.0.0):
    - Differentiator (~> 5.0)
    - RxCocoa (~> 6.0)
    - RxSwift (~> 6.0)
  - RxRealm (5.0.4):
    - Realm (~> 10.21)
    - RealmSwift (~> 10.21)
    - RxCocoa (~> 6.1)
    - RxSwift (~> 6.1)
  - RxRelay (6.5.0):
    - RxSwift (= 6.5.0)
  - RxSwift (6.5.0)
  - RxSwiftExt (6.0.1):
    - RxSwiftExt/Core (= 6.0.1)
    - RxSwiftExt/RxCocoa (= 6.0.1)
  - RxSwiftExt/Core (6.0.1):
    - RxSwift (~> 6.0)
  - RxSwiftExt/RxCocoa (6.0.1):
    - RxCocoa (~> 6.0)
    - RxSwiftExt/Core
  - SDWebImage (5.15.0):
    - SDWebImage/Core (= 5.15.0)
  - SDWebImage/Core (5.15.0)
  - Siren (6.1.0)
  - Stripe (15.0.3)
  - SweeterSwift (1.2.1)
  - SwiftDate (7.0.0)
  - SwiftSignalRClient (0.9.1)
  - SwiftyStoreKit (0.16.1)
  - TransitionableTab (0.2.0)
  - UIMultiPicker (0.6.2)

DEPENDENCIES:
  - Alamofire
  - CDAlertView
  - Cosmos (~> 23.0)
  - CountryPickerView
  - DateTimePicker
  - DropDown
  - Firebase/Analytics
  - Firebase/Crashlytics
  - FSCalendar
  - MaterialComponents/Ripple
  - MaterialComponents/Snackbar
  - MessageKit (~> 3.0.0)
  - MKToolTip
  - MultiSlider
  - PKHUD
  - PopoverKit (~> 0.2.0)
  - RealmSwift
  - RxCocoa
  - RxDataSources
  - RxRealm
  - RxSwift
  - RxSwiftExt
  - SDWebImage
  - Siren
  - Stripe (~> 15.0.0)
  - SwiftDate
  - SwiftSignalRClient
  - SwiftyStoreKit
  - TransitionableTab (~> 0.2.0)
  - UIMultiPicker

SPEC REPOS:
  trunk:
    - Alamofire
    - AvailableHapticFeedback
    - CDAlertView
    - Cosmos
    - CountryPickerView
    - DateTimePicker
    - Differentiator
    - DropDown
    - Firebase
    - FirebaseAnalytics
    - FirebaseCore
    - FirebaseCoreInternal
    - FirebaseCrashlytics
    - FirebaseInstallations
    - FSCalendar
    - GoogleAppMeasurement
    - GoogleDataTransport
    - GoogleUtilities
    - InputBarAccessoryView
    - MaterialComponents
    - MDFInternationalization
    - MDFTextAccessibility
    - MessageKit
    - MKToolTip
    - MultiSlider
    - nanopb
    - PKHUD
    - PopoverKit
    - PromisesObjC
    - Realm
    - RealmSwift
    - RxCocoa
    - RxDataSources
    - RxRealm
    - RxRelay
    - RxSwift
    - RxSwiftExt
    - SDWebImage
    - Siren
    - Stripe
    - SweeterSwift
    - SwiftDate
    - SwiftSignalRClient
    - SwiftyStoreKit
    - TransitionableTab
    - UIMultiPicker

SPEC CHECKSUMS:
  Alamofire: 4e95d97098eacb88856099c4fc79b526a299e48c
  AvailableHapticFeedback: 9b21b9f6d3e4566015988b5de35b40abefe6c09a
  CDAlertView: cd6624e857c85ad14560e2cd23d7eb25b983b590
  Cosmos: b5c6a9a637e28a061b54c8f8b1d8529d7d4db73f
  CountryPickerView: 6322ada32a80b0cd721b0267282a5c24f406f263
  DateTimePicker: 52701ddf656a50856d3510955933f767cd2c947c
  Differentiator: e8497ceab83c1b10ca233716d547b9af21b9344d
  DropDown: 8a2116376c1981888557f72ec2ffc9a5e0e456ec
  Firebase: ba3501b5142a57747eac74d27c96d2b313bdec90
  FirebaseAnalytics: 0be84b933ca3222bca03e8cccf020ad9b1c3c6ff
  FirebaseCore: b8697a177690b69b0dbce9d612b69b893be70469
  FirebaseCoreInternal: e301297f4c15a17489e48ed722d733b1578e0c02
  FirebaseCrashlytics: 52e821fd4d36eba20a251a53549c2778b455f360
  FirebaseInstallations: 36b38c733fd37e50857e5e8d74138648f466f18c
  FSCalendar: 2d1d0d9398f12d439f55c1fe0f01525b151b8260
  GoogleAppMeasurement: 173fa22ce7d62c29332568e853b39b2525a0e584
  GoogleDataTransport: 1c8145da7117bd68bbbed00cf304edb6a24de00f
  GoogleUtilities: c2bdc4cf2ce786c4d2e6b3bcfd599a25ca78f06f
  InputBarAccessoryView: 2b937602598e2fab3149f37f51dd7ad795653812
  MaterialComponents: 1a9b2d9d45b1601ae544de85089adc4c464306d4
  MDFInternationalization: d697c55307816222a55685c4ccb1044ffb030c12
  MDFTextAccessibility: f4bb4cc2194286651b59a215fdeaa0e05dc90ba5
  MessageKit: e892a9ca49ebe6d82684d3a93ad84021fa23e2c6
  MKToolTip: 69509b1cada10f96bd9f4ab559a768e7c6557933
  MultiSlider: 66271d410330e63ded9e468d4ef420d5dbe31d2e
  nanopb: b552cce312b6c8484180ef47159bc0f65a1f0431
  PKHUD: 98f3e4bc904b9c916f1c5bb6d765365b5357291b
  PopoverKit: dbbc7f0c45070ac76a24da0183da90d3d417d8a8
  PromisesObjC: ab77feca74fa2823e7af4249b8326368e61014cb
  Realm: fe824cd5b183cd55a50a6bcb4bce3ac1650e60b6
  RealmSwift: c7f668f82982fc8b62366b78b8dc761f15141df6
  RxCocoa: 94f817b71c07517321eb4f9ad299112ca8af743b
  RxDataSources: aa47cc1ed6c500fa0dfecac5c979b723542d79cf
  RxRealm: 666c8785327fe2fff972a3093b35dc7055c1ca38
  RxRelay: 1de1523e604c72b6c68feadedd1af3b1b4d0ecbd
  RxSwift: 5710a9e6b17f3c3d6e40d6e559b9fa1e813b2ef8
  RxSwiftExt: d61c4b9b06e0a448041b1c659e0f1b5c5a035afc
  SDWebImage: 9bec4c5cdd9579e1f57104735ee0c37df274d593
  Siren: d46253bcfca19f80c98ce54b3f5f5094a6346bd4
  Stripe: db667d8dcf6cfa216ee9ad9b937c7126ca9f8c35
  SweeterSwift: 61baeda1c0c27d1dc57c8112c3d6a82e5aff3139
  SwiftDate: bbc26e26fc8c0c33fbee8c140c5e8a68293a148a
  SwiftSignalRClient: df3a307ef99d4c63392e96786e65035da50652bb
  SwiftyStoreKit: 6b9c08810269f030586dac1fae8e75871a82e84a
  TransitionableTab: 54a5d0af475033bdb83959fde4e5d6201af7e2ab
  UIMultiPicker: 29bf824c5251822ca4040b933f6204e617e6ba3f

PODFILE CHECKSUM: 5fde9c566f29249deaac9a5adad9aad00ea0e242

COCOAPODS: 1.11.3
